{
  "version": 4,
  "terraform_version": "1.8.2",
  "serial": 8,
  "lineage": "0b247886-94ac-8611-0aef-51814278585d",
  "outputs": {},
  "resources": [
    {
      "mode": "managed",
      "type": "vercel_project",
      "name": "vercelTerraform",
      "provider": "provider[\"registry.terraform.io/vercel/vercel\"]",
      "instances": [
        {
          "schema_version": 0,
          "attributes": {
            "build_command": null,
            "dev_command": null,
            "environment": null,
            "framework": "vite",
            "git_repository": {
              "production_branch": "session-10-Assignment",
              "repo": "programmerjoban/csc-456-paw",
              "type": "github"
            },
            "id": "prj_ac4WfbyctRkzRMNTA3TPSdsdddJx",
            "ignore_command": null,
            "install_command": null,
            "name": "paw-terraform",
            "output_directory": null,
            "password_protection": null,
            "protection_bypass_for_automation": null,
            "protection_bypass_for_automation_secret": null,
            "public_source": null,
            "root_directory": null,
            "serverless_function_region": null,
            "team_id": null,
            "vercel_authentication": {
              "protect_production": false
            }
          },
          "sensitive_attributes": []
        }
      ]
    }
  ],
  "check_results": null
}
